Microsoft Visual Studio Solution File, Format Version 12.00
# Visual Studio 2012
Project("{FAE04EC0-301F-11D3-BF4B-00C04F79EFBC}") = "PipeWall", "PipeWall.csproj", "{FCA752F7-10CA-4FC2-A97A-49EE9C2B9434}"
EndProject
Global
	GlobalSection(SolutionConfigurationPlatforms) = preSolution
	Debug|Any CPU = Debug|Any CPU
	ExportDebug|Any CPU = ExportDebug|Any CPU
	ExportRelease|Any CPU = ExportRelease|Any CPU
	EndGlobalSection
	GlobalSection(ProjectConfigurationPlatforms) = postSolution
		{FCA752F7-10CA-4FC2-A97A-49EE9C2B9434}.Debug|Any CPU.ActiveCfg = Debug|Any CPU
		{FCA752F7-10CA-4FC2-A97A-49EE9C2B9434}.Debug|Any CPU.Build.0 = Debug|Any CPU
		{FCA752F7-10CA-4FC2-A97A-49EE9C2B9434}.ExportDebug|Any CPU.ActiveCfg = ExportDebug|Any CPU
		{FCA752F7-10CA-4FC2-A97A-49EE9C2B9434}.ExportDebug|Any CPU.Build.0 = ExportDebug|Any CPU
		{FCA752F7-10CA-4FC2-A97A-49EE9C2B9434}.ExportRelease|Any CPU.ActiveCfg = ExportRelease|Any CPU
		{FCA752F7-10CA-4FC2-A97A-49EE9C2B9434}.ExportRelease|Any CPU.Build.0 = ExportRelease|Any CPU
	EndGlobalSection
EndGlobal
